
Microsoft Visual Studio Solution File, Format Version 12.00
# Visual Studio Version 17
VisualStudioVersion = 17.7.34031.279
MinimumVisualStudioVersion = 10.0.40219.1
Project("{FAE04EC0-301F-11D3-BF4B-00C04F79EFBC}") = "Ders4", "Ders4\Ders4.csproj", "{7A85F174-8E91-4314-9400-A6A05CDB1DDE}"
EndProject
Global
	GlobalSection(SolutionConfigurationPlatforms) = preSolution
		Debug|Any CPU = Debug|Any CPU
		Release|Any CPU = Release|Any CPU
	EndGlobalSection
	GlobalSection(ProjectConfigurationPlatforms) = postSolution
		{7A85F174-8E91-4314-9400-A6A05CDB1DDE}.Debug|Any CPU.ActiveCfg = Debug|Any CPU
		{7A85F174-8E91-4314-9400-A6A05CDB1DDE}.Debug|Any CPU.Build.0 = Debug|Any CPU
		{7A85F174-8E91-4314-9400-A6A05CDB1DDE}.Release|Any CPU.ActiveCfg = Release|Any CPU
		{7A85F174-8E91-4314-9400-A6A05CDB1DDE}.Release|Any CPU.Build.0 = Release|Any CPU
	EndGlobalSection
	GlobalSection(SolutionProperties) = preSolution
		HideSolutionNode = FALSE
	EndGlobalSection
	GlobalSection(ExtensibilityGlobals) = postSolution
		SolutionGuid = {23D2C101-20D6-4FC4-977D-0B255AE9E059}
	EndGlobalSection
EndGlobal
