
Microsoft Visual Studio Solution File, Format Version 12.00
# Visual Studio Version 17
VisualStudioVersion = 17.7.34031.279
MinimumVisualStudioVersion = 10.0.40219.1
Project("{FAE04EC0-301F-11D3-BF4B-00C04F79EFBC}") = "Ders2", "Ders2\Ders2.csproj", "{BCB05975-F91A-4897-BD6F-2E2D17A15561}"
EndProject
Global
	GlobalSection(SolutionConfigurationPlatforms) = preSolution
		Debug|Any CPU = Debug|Any CPU
		Release|Any CPU = Release|Any CPU
	EndGlobalSection
	GlobalSection(ProjectConfigurationPlatforms) = postSolution
		{BCB05975-F91A-4897-BD6F-2E2D17A15561}.Debug|Any CPU.ActiveCfg = Debug|Any CPU
		{BCB05975-F91A-4897-BD6F-2E2D17A15561}.Debug|Any CPU.Build.0 = Debug|Any CPU
		{BCB05975-F91A-4897-BD6F-2E2D17A15561}.Release|Any CPU.ActiveCfg = Release|Any CPU
		{BCB05975-F91A-4897-BD6F-2E2D17A15561}.Release|Any CPU.Build.0 = Release|Any CPU
	EndGlobalSection
	GlobalSection(SolutionProperties) = preSolution
		HideSolutionNode = FALSE
	EndGlobalSection
	GlobalSection(ExtensibilityGlobals) = postSolution
		SolutionGuid = {239089E0-CBCD-4A58-9972-1CF30037CCDA}
	EndGlobalSection
EndGlobal
