
Microsoft Visual Studio Solution File, Format Version 12.00
# Visual Studio Version 17
VisualStudioVersion = 17.7.34031.279
MinimumVisualStudioVersion = 10.0.40219.1
Project("{FAE04EC0-301F-11D3-BF4B-00C04F79EFBC}") = "Ders6", "Ders6\Ders6.csproj", "{5B797B45-EA21-45EC-83B1-6D5D0B88F796}"
EndProject
Global
	GlobalSection(SolutionConfigurationPlatforms) = preSolution
		Debug|Any CPU = Debug|Any CPU
		Release|Any CPU = Release|Any CPU
	EndGlobalSection
	GlobalSection(ProjectConfigurationPlatforms) = postSolution
		{5B797B45-EA21-45EC-83B1-6D5D0B88F796}.Debug|Any CPU.ActiveCfg = Debug|Any CPU
		{5B797B45-EA21-45EC-83B1-6D5D0B88F796}.Debug|Any CPU.Build.0 = Debug|Any CPU
		{5B797B45-EA21-45EC-83B1-6D5D0B88F796}.Release|Any CPU.ActiveCfg = Release|Any CPU
		{5B797B45-EA21-45EC-83B1-6D5D0B88F796}.Release|Any CPU.Build.0 = Release|Any CPU
	EndGlobalSection
	GlobalSection(SolutionProperties) = preSolution
		HideSolutionNode = FALSE
	EndGlobalSection
	GlobalSection(ExtensibilityGlobals) = postSolution
		SolutionGuid = {A19639CD-C119-4E27-BA40-4EF531390278}
	EndGlobalSection
EndGlobal
